
Microsoft Visual Studio Solution File, Format Version 12.00
# Visual Studio Version 16
VisualStudioVersion = 16.0.33801.447
MinimumVisualStudioVersion = 10.0.40219.1
Project("{FAE04EC0-301F-11D3-BF4B-00C04F79EFBC}") = "AmtPtpControlPanel", "AmtPtpControlPanel.csproj", "{EE1C7A99-9593-4D6A-889B-D75EEA2DE6AB}"
EndProject
Global
	GlobalSection(SolutionConfigurationPlatforms) = preSolution
		Debug|Any CPU = Debug|Any CPU
		Debug|x64 = Debug|x64
		Release|Any CPU = Release|Any CPU
		Release|x64 = Release|x64
	EndGlobalSection
	GlobalSection(ProjectConfigurationPlatforms) = postSolution
		{EE1C7A99-9593-4D6A-889B-D75EEA2DE6AB}.Debug|Any CPU.ActiveCfg = Debug|Any CPU
		{EE1C7A99-9593-4D6A-889B-D75EEA2DE6AB}.Debug|Any CPU.Build.0 = Debug|Any CPU
		{EE1C7A99-9593-4D6A-889B-D75EEA2DE6AB}.Debug|x64.ActiveCfg = Debug|x64
		{EE1C7A99-9593-4D6A-889B-D75EEA2DE6AB}.Debug|x64.Build.0 = Debug|x64
		{EE1C7A99-9593-4D6A-889B-D75EEA2DE6AB}.Release|Any CPU.ActiveCfg = Release|Any CPU
		{EE1C7A99-9593-4D6A-889B-D75EEA2DE6AB}.Release|Any CPU.Build.0 = Release|Any CPU
		{EE1C7A99-9593-4D6A-889B-D75EEA2DE6AB}.Release|x64.ActiveCfg = Release|x64
		{EE1C7A99-9593-4D6A-889B-D75EEA2DE6AB}.Release|x64.Build.0 = Release|x64
	EndGlobalSection
	GlobalSection(SolutionProperties) = preSolution
		HideSolutionNode = FALSE
	EndGlobalSection
	GlobalSection(ExtensibilityGlobals) = postSolution
		SolutionGuid = {EF892ED6-EFF6-4552-89C8-4A58160848EC}
	EndGlobalSection
EndGlobal
